
Microsoft Visual Studio Solution File, Format Version 12.00
# Visual Studio 2013
VisualStudioVersion = 12.0.30501.0
MinimumVisualStudioVersion = 10.0.40219.1
Project("{FAE04EC0-301F-11D3-BF4B-00C04F79EFBC}") = "CS_Async", "CS_Async\CS_Async.csproj", "{DEB4445E-075E-4EA0-8897-936A9B63833E}"
EndProject
Project("{FAE04EC0-301F-11D3-BF4B-00C04F79EFBC}") = "WPF_Async", "WPF_Async\WPF_Async.csproj", "{36874F6F-536E-44A6-AB0D-CC070A454C18}"
EndProject
Project("{FAE04EC0-301F-11D3-BF4B-00C04F79EFBC}") = "WPF_Async_Lambda", "WPF_Async_Lambda\WPF_Async_Lambda.csproj", "{E622C1C2-49A6-4426-A60B-DE28EA123FFE}"
EndProject
Project("{FAE04EC0-301F-11D3-BF4B-00C04F79EFBC}") = "WPF_Async_GUI", "WPF_Async_GUI\WPF_Async_GUI.csproj", "{87019F1B-1C52-42F7-B6EB-C411CDCF6D22}"
EndProject
Project("{FAE04EC0-301F-11D3-BF4B-00C04F79EFBC}") = "WPF_BackgroundWorker_GUI", "WPF_BackgroundWorker_GUI\WPF_BackgroundWorker_GUI.csproj", "{825C74C7-B466-4D2A-9E58-5E3931FF136F}"
EndProject
Global
	GlobalSection(SolutionConfigurationPlatforms) = preSolution
		Debug|Any CPU = Debug|Any CPU
		Release|Any CPU = Release|Any CPU
	EndGlobalSection
	GlobalSection(ProjectConfigurationPlatforms) = postSolution
		{DEB4445E-075E-4EA0-8897-936A9B63833E}.Debug|Any CPU.ActiveCfg = Debug|Any CPU
		{DEB4445E-075E-4EA0-8897-936A9B63833E}.Debug|Any CPU.Build.0 = Debug|Any CPU
		{DEB4445E-075E-4EA0-8897-936A9B63833E}.Release|Any CPU.ActiveCfg = Release|Any CPU
		{DEB4445E-075E-4EA0-8897-936A9B63833E}.Release|Any CPU.Build.0 = Release|Any CPU
		{36874F6F-536E-44A6-AB0D-CC070A454C18}.Debug|Any CPU.ActiveCfg = Debug|Any CPU
		{36874F6F-536E-44A6-AB0D-CC070A454C18}.Debug|Any CPU.Build.0 = Debug|Any CPU
		{36874F6F-536E-44A6-AB0D-CC070A454C18}.Release|Any CPU.ActiveCfg = Release|Any CPU
		{36874F6F-536E-44A6-AB0D-CC070A454C18}.Release|Any CPU.Build.0 = Release|Any CPU
		{E622C1C2-49A6-4426-A60B-DE28EA123FFE}.Debug|Any CPU.ActiveCfg = Debug|Any CPU
		{E622C1C2-49A6-4426-A60B-DE28EA123FFE}.Debug|Any CPU.Build.0 = Debug|Any CPU
		{E622C1C2-49A6-4426-A60B-DE28EA123FFE}.Release|Any CPU.ActiveCfg = Release|Any CPU
		{E622C1C2-49A6-4426-A60B-DE28EA123FFE}.Release|Any CPU.Build.0 = Release|Any CPU
		{87019F1B-1C52-42F7-B6EB-C411CDCF6D22}.Debug|Any CPU.ActiveCfg = Debug|Any CPU
		{87019F1B-1C52-42F7-B6EB-C411CDCF6D22}.Debug|Any CPU.Build.0 = Debug|Any CPU
		{87019F1B-1C52-42F7-B6EB-C411CDCF6D22}.Release|Any CPU.ActiveCfg = Release|Any CPU
		{87019F1B-1C52-42F7-B6EB-C411CDCF6D22}.Release|Any CPU.Build.0 = Release|Any CPU
		{825C74C7-B466-4D2A-9E58-5E3931FF136F}.Debug|Any CPU.ActiveCfg = Debug|Any CPU
		{825C74C7-B466-4D2A-9E58-5E3931FF136F}.Debug|Any CPU.Build.0 = Debug|Any CPU
		{825C74C7-B466-4D2A-9E58-5E3931FF136F}.Release|Any CPU.ActiveCfg = Release|Any CPU
		{825C74C7-B466-4D2A-9E58-5E3931FF136F}.Release|Any CPU.Build.0 = Release|Any CPU
	EndGlobalSection
	GlobalSection(SolutionProperties) = preSolution
		HideSolutionNode = FALSE
	EndGlobalSection
EndGlobal
